
Microsoft Visual Studio Solution File, Format Version 12.00
# Visual Studio Version 16
VisualStudioVersion = 16.0.29613.14
MinimumVisualStudioVersion = 10.0.40219.1
Project("{888888A0-9F3D-457C-B088-3A5042F75D52}") = "Backupper", "Backupper\Backupper.pyproj", "{17B39369-AB76-433B-9477-EA41427E059C}"
EndProject
Global
	GlobalSection(SolutionConfigurationPlatforms) = preSolution
		Debug|Any CPU = Debug|Any CPU
		Release|Any CPU = Release|Any CPU
	EndGlobalSection
	GlobalSection(ProjectConfigurationPlatforms) = postSolution
		{17B39369-AB76-433B-9477-EA41427E059C}.Debug|Any CPU.ActiveCfg = Debug|Any CPU
		{17B39369-AB76-433B-9477-EA41427E059C}.Release|Any CPU.ActiveCfg = Release|Any CPU
	EndGlobalSection
	GlobalSection(SolutionProperties) = preSolution
		HideSolutionNode = FALSE
	EndGlobalSection
	GlobalSection(ExtensibilityGlobals) = postSolution
		SolutionGuid = {F7FD4716-7575-4AF9-90FC-A3585CB0F5AB}
	EndGlobalSection
EndGlobal
